
Microsoft Visual Studio Solution File, Format Version 12.00
Project("{FAE04EC0-301F-11D3-BF4B-00C04F79EFBC}") = "Cirrus Image Scaler", "Cirrus Image Scaler\Cirrus Image Scaler.csproj", "{2F2AAD14-D002-40A7-903E-B3DB101DCB39}"
EndProject
Global
	GlobalSection(SolutionConfigurationPlatforms) = preSolution
		Debug|Any CPU = Debug|Any CPU
		Release|Any CPU = Release|Any CPU
	EndGlobalSection
	GlobalSection(ProjectConfigurationPlatforms) = postSolution
		{2F2AAD14-D002-40A7-903E-B3DB101DCB39}.Debug|Any CPU.ActiveCfg = Debug|Any CPU
		{2F2AAD14-D002-40A7-903E-B3DB101DCB39}.Debug|Any CPU.Build.0 = Debug|Any CPU
		{2F2AAD14-D002-40A7-903E-B3DB101DCB39}.Release|Any CPU.ActiveCfg = Release|Any CPU
		{2F2AAD14-D002-40A7-903E-B3DB101DCB39}.Release|Any CPU.Build.0 = Release|Any CPU
	EndGlobalSection
EndGlobal
